
Microsoft Visual Studio Solution File, Format Version 12.00
# Visual Studio Version 17
VisualStudioVersion = 17.0.32014.148
MinimumVisualStudioVersion = 10.0.40219.1
Project("{FAE04EC0-301F-11D3-BF4B-00C04F79EFBC}") = "LINQTut08", "LINQTut08\LINQTut08.csproj", "{5DED50F1-E633-4B69-94C1-E06538581A1D}"
EndProject
Project("{9A19103F-16F7-4668-BE54-9A1E7A4F7556}") = "LINQTut08.Shared", "LINQTut08.Shared\LINQTut08.Shared.csproj", "{155679CC-B753-48F5-8B00-BD7E7F42F986}"
EndProject
Global
	GlobalSection(SolutionConfigurationPlatforms) = preSolution
		Debug|Any CPU = Debug|Any CPU
		Release|Any CPU = Release|Any CPU
	EndGlobalSection
	GlobalSection(ProjectConfigurationPlatforms) = postSolution
		{5DED50F1-E633-4B69-94C1-E06538581A1D}.Debug|Any CPU.ActiveCfg = Debug|Any CPU
		{5DED50F1-E633-4B69-94C1-E06538581A1D}.Debug|Any CPU.Build.0 = Debug|Any CPU
		{5DED50F1-E633-4B69-94C1-E06538581A1D}.Release|Any CPU.ActiveCfg = Release|Any CPU
		{5DED50F1-E633-4B69-94C1-E06538581A1D}.Release|Any CPU.Build.0 = Release|Any CPU
		{155679CC-B753-48F5-8B00-BD7E7F42F986}.Debug|Any CPU.ActiveCfg = Debug|Any CPU
		{155679CC-B753-48F5-8B00-BD7E7F42F986}.Debug|Any CPU.Build.0 = Debug|Any CPU
		{155679CC-B753-48F5-8B00-BD7E7F42F986}.Release|Any CPU.ActiveCfg = Release|Any CPU
		{155679CC-B753-48F5-8B00-BD7E7F42F986}.Release|Any CPU.Build.0 = Release|Any CPU
	EndGlobalSection
	GlobalSection(SolutionProperties) = preSolution
		HideSolutionNode = FALSE
	EndGlobalSection
	GlobalSection(ExtensibilityGlobals) = postSolution
		SolutionGuid = {3F2B2BF5-43A4-44B5-9515-47A2426432D1}
	EndGlobalSection
EndGlobal
